
Microsoft Visual Studio Solution File, Format Version 12.00
# Visual Studio Version 17
VisualStudioVersion = 17.10.35013.160
MinimumVisualStudioVersion = 10.0.40219.1
Project("{FAE04EC0-301F-11D3-BF4B-00C04F79EFBC}") = "Back", "Back\Back.csproj", "{C1878DC8-447F-46D7-BA87-66AB057C7042}"
EndProject
Global
	GlobalSection(SolutionConfigurationPlatforms) = preSolution
		Debug|Any CPU = Debug|Any CPU
		Release|Any CPU = Release|Any CPU
	EndGlobalSection
	GlobalSection(ProjectConfigurationPlatforms) = postSolution
		{C1878DC8-447F-46D7-BA87-66AB057C7042}.Debug|Any CPU.ActiveCfg = Debug|Any CPU
		{C1878DC8-447F-46D7-BA87-66AB057C7042}.Debug|Any CPU.Build.0 = Debug|Any CPU
		{C1878DC8-447F-46D7-BA87-66AB057C7042}.Release|Any CPU.ActiveCfg = Release|Any CPU
		{C1878DC8-447F-46D7-BA87-66AB057C7042}.Release|Any CPU.Build.0 = Release|Any CPU
	EndGlobalSection
	GlobalSection(SolutionProperties) = preSolution
		HideSolutionNode = FALSE
	EndGlobalSection
	GlobalSection(ExtensibilityGlobals) = postSolution
		SolutionGuid = {D2EDEC04-42BD-42E8-9DBB-F39B0FF0C51C}
	EndGlobalSection
EndGlobal
